// !$*UTF8*$!
{
	archiveVersion = 1;
	classes = {
	};
	objectVersion = 46;
	objects = {

/* Begin PBXBuildFile section */
		2E88B4FD1C49440D00D49B06 /* CircleView.swift in Sources */ = {isa = PBXBuildFile; fileRef = 2E88B4FC1C49440D00D49B06 /* CircleView.swift */; };
		2EB1CFFC1C46BB7D00B4544C /* AppDelegate.swift in Sources */ = {isa = PBXBuildFile; fileRef = 2EB1CFFB1C46BB7D00B4544C /* AppDelegate.swift */; };
		2EB1CFFE1C46BB7D00B4544C /* ViewController.swift in Sources */ = {isa = PBXBuildFile; fileRef = 2EB1CFFD1C46BB7D00B4544C /* ViewController.swift */; };
		2EB1D0011C46BB7D00B4544C /* Main.storyboard in Resources */ = {isa = PBXBuildFile; fileRef = 2EB1CFFF1C46BB7D00B4544C /* Main.storyboard */; };
		2EB1D0031C46BB7D00B4544C /* Assets.xcassets in Resources */ = {isa = PBXBuildFile; fileRef = 2EB1D0021C46BB7D00B4544C /* Assets.xcassets */; };
		2EB1D0061C46BB7D00B4544C /* LaunchScreen.storyboard in Resources */ = {isa = PBXBuildFile; fileRef = 2EB1D0041C46BB7D00B4544C /* LaunchScreen.storyboard */; };
		2EB1D0111C46BB7D00B4544C /* SoldoPieChartTests.swift in Sources */ = {isa = PBXBuildFile; fileRef = 2EB1D0101C46BB7D00B4544C /* SoldoPieChartTests.swift */; };
		2EB1D01C1C46BF7600B4544C /* PieView.swift in Sources */ = {isa = PBXBuildFile; fileRef = 2EB1D01B1C46BF7600B4544C /* PieView.swift */; };
		2EB1D0201C46C6AC00B4544C /* ExpenseCell.swift in Sources */ = {isa = PBXBuildFile; fileRef = 2EB1D01F1C46C6AC00B4544C /* ExpenseCell.swift */; };
		2EB1D0221C46CD7700B4544C /* Constants.swift in Sources */ = {isa = PBXBuildFile; fileRef = 2EB1D0211C46CD7700B4544C /* Constants.swift */; };
		2EB1D0241C46CDF100B4544C /* Expense.swift in Sources */ = {isa = PBXBuildFile; fileRef = 2EB1D0231C46CDF100B4544C /* Expense.swift */; };
		2EB1D0261C46D67200B4544C /* Utility.swift in Sources */ = {isa = PBXBuildFile; fileRef = 2EB1D0251C46D67200B4544C /* Utility.swift */; };
		2EB1D0281C46D7F100B4544C /* MockData.swift in Sources */ = {isa = PBXBuildFile; fileRef = 2EB1D0271C46D7F100B4544C /* MockData.swift */; };
		2EB1D02A1C47905900B4544C /* Zip3.swift in Sources */ = {isa = PBXBuildFile; fileRef = 2EB1D0291C47905900B4544C /* Zip3.swift */; };
/* End PBXBuildFile section */

/* Begin PBXContainerItemProxy section */
		2EB1D00D1C46BB7D00B4544C /* PBXContainerItemProxy */ = {
			isa = PBXContainerItemProxy;
			containerPortal = 2EB1CFF01C46BB7D00B4544C /* Project object */;
			proxyType = 1;
			remoteGlobalIDString = 2EB1CFF71C46BB7D00B4544C;
			remoteInfo = SoldoPieChart;
		};
/* End PBXContainerItemProxy section */

/* Begin PBXFileReference section */
		2E88B4FC1C49440D00D49B06 /* CircleView.swift */ = {isa = PBXFileReference; fileEncoding = 4; lastKnownFileType = sourcecode.swift; path = CircleView.swift; sourceTree = "<group>"; };
		2EB1CFF81C46BB7D00B4544C /* SoldoPieChart.app */ = {isa = PBXFileReference; explicitFileType = wrapper.application; includeInIndex = 0; path = SoldoPieChart.app; sourceTree = BUILT_PRODUCTS_DIR; };
		2EB1CFFB1C46BB7D00B4544C /* AppDelegate.swift */ = {isa = PBXFileReference; lastKnownFileType = sourcecode.swift; path = AppDelegate.swift; sourceTree = "<group>"; };
		2EB1CFFD1C46BB7D00B4544C /* ViewController.swift */ = {isa = PBXFileReference; lastKnownFileType = sourcecode.swift; path = ViewController.swift; sourceTree = "<group>"; };
		2EB1D0001C46BB7D00B4544C /* Base */ = {isa = PBXFileReference; lastKnownFileType = file.storyboard; name = Base; path = Base.lproj/Main.storyboard; sourceTree = "<group>"; };
		2EB1D0021C46BB7D00B4544C /* Assets.xcassets */ = {isa = PBXFileReference; lastKnownFileType = folder.assetcatalog; path = Assets.xcassets; sourceTree = "<group>"; };
		2EB1D0051C46BB7D00B4544C /* Base */ = {isa = PBXFileReference; lastKnownFileType = file.storyboard; name = Base; path = Base.lproj/LaunchScreen.storyboard; sourceTree = "<group>"; };
		2EB1D0071C46BB7D00B4544C /* Info.plist */ = {isa = PBXFileReference; lastKnownFileType = text.plist.xml; path = Info.plist; sourceTree = "<group>"; };
		2EB1D00C1C46BB7D00B4544C /* SoldoPieChartTests.xctest */ = {isa = PBXFileReference; explicitFileType = wrapper.cfbundle; includeInIndex = 0; path = SoldoPieChartTests.xctest; sourceTree = BUILT_PRODUCTS_DIR; };
		2EB1D0101C46BB7D00B4544C /* SoldoPieChartTests.swift */ = {isa = PBXFileReference; lastKnownFileType = sourcecode.swift; path = SoldoPieChartTests.swift; sourceTree = "<group>"; };
		2EB1D0121C46BB7D00B4544C /* Info.plist */ = {isa = PBXFileReference; lastKnownFileType = text.plist.xml; path = Info.plist; sourceTree = "<group>"; };
		2EB1D01B1C46BF7600B4544C /* PieView.swift */ = {isa = PBXFileReference; fileEncoding = 4; lastKnownFileType = sourcecode.swift; path = PieView.swift; sourceTree = "<group>"; };
		2EB1D01F1C46C6AC00B4544C /* ExpenseCell.swift */ = {isa = PBXFileReference; fileEncoding = 4; lastKnownFileType = sourcecode.swift; path = ExpenseCell.swift; sourceTree = "<group>"; };
		2EB1D0211C46CD7700B4544C /* Constants.swift */ = {isa = PBXFileReference; fileEncoding = 4; lastKnownFileType = sourcecode.swift; path = Constants.swift; sourceTree = "<group>"; };
		2EB1D0231C46CDF100B4544C /* Expense.swift */ = {isa = PBXFileReference; fileEncoding = 4; lastKnownFileType = sourcecode.swift; path = Expense.swift; sourceTree = "<group>"; };
		2EB1D0251C46D67200B4544C /* Utility.swift */ = {isa = PBXFileReference; fileEncoding = 4; lastKnownFileType = sourcecode.swift; path = Utility.swift; sourceTree = "<group>"; };
		2EB1D0271C46D7F100B4544C /* MockData.swift */ = {isa = PBXFileReference; fileEncoding = 4; lastKnownFileType = sourcecode.swift; path = MockData.swift; sourceTree = "<group>"; };
		2EB1D0291C47905900B4544C /* Zip3.swift */ = {isa = PBXFileReference; fileEncoding = 4; lastKnownFileType = sourcecode.swift; path = Zip3.swift; sourceTree = "<group>"; };
/* End PBXFileReference section */

/* Begin PBXFrameworksBuildPhase section */
		2EB1CFF51C46BB7D00B4544C /* Frameworks */ = {
			isa = PBXFrameworksBuildPhase;
			buildActionMask = 2147483647;
			files = (
			);
			runOnlyForDeploymentPostprocessing = 0;
		};
		2EB1D0091C46BB7D00B4544C /* Frameworks */ = {
			isa = PBXFrameworksBuildPhase;
			buildActionMask = 2147483647;
			files = (
			);
			runOnlyForDeploymentPostprocessing = 0;
		};
/* End PBXFrameworksBuildPhase section */

/* Begin PBXGroup section */
		2EB1CFEF1C46BB7D00B4544C = {
			isa = PBXGroup;
			children = (
				2EB1CFFA1C46BB7D00B4544C /* SoldoPieChart */,
				2EB1D00F1C46BB7D00B4544C /* SoldoPieChartTests */,
				2EB1CFF91C46BB7D00B4544C /* Products */,
			);
			sourceTree = "<group>";
		};
		2EB1CFF91C46BB7D00B4544C /* Products */ = {
			isa = PBXGroup;
			children = (
				2EB1CFF81C46BB7D00B4544C /* SoldoPieChart.app */,
				2EB1D00C1C46BB7D00B4544C /* SoldoPieChartTests.xctest */,
			);
			name = Products;
			sourceTree = "<group>";
		};
		2EB1CFFA1C46BB7D00B4544C /* SoldoPieChart */ = {
			isa = PBXGroup;
			children = (
				2EB1CFFB1C46BB7D00B4544C /* AppDelegate.swift */,
				2EB1CFFD1C46BB7D00B4544C /* ViewController.swift */,
				2EB1D01B1C46BF7600B4544C /* PieView.swift */,
				2E88B4FC1C49440D00D49B06 /* CircleView.swift */,
				2EB1D01F1C46C6AC00B4544C /* ExpenseCell.swift */,
				2EB1D0231C46CDF100B4544C /* Expense.swift */,
				2EB1D0271C46D7F100B4544C /* MockData.swift */,
				2EB1D0211C46CD7700B4544C /* Constants.swift */,
				2EB1D0251C46D67200B4544C /* Utility.swift */,
				2EB1D0291C47905900B4544C /* Zip3.swift */,
				2EB1CFFF1C46BB7D00B4544C /* Main.storyboard */,
				2EB1D0021C46BB7D00B4544C /* Assets.xcassets */,
				2EB1D0041C46BB7D00B4544C /* LaunchScreen.storyboard */,
				2EB1D0071C46BB7D00B4544C /* Info.plist */,
			);
			path = SoldoPieChart;
			sourceTree = "<group>";
		};
		2EB1D00F1C46BB7D00B4544C /* SoldoPieChartTests */ = {
			isa = PBXGroup;
			children = (
				2EB1D0101C46BB7D00B4544C /* SoldoPieChartTests.swift */,
				2EB1D0121C46BB7D00B4544C /* Info.plist */,
			);
			path = SoldoPieChartTests;
			sourceTree = "<group>";
		};
/* End PBXGroup section */

/* Begin PBXNativeTarget section */
		2EB1CFF71C46BB7D00B4544C /* SoldoPieChart */ = {
			isa = PBXNativeTarget;
			buildConfigurationList = 2EB1D0151C46BB7D00B4544C /* Build configuration list for PBXNativeTarget "SoldoPieChart" */;
			buildPhases = (
				2EB1CFF41C46BB7D00B4544C /* Sources */,
				2EB1CFF51C46BB7D00B4544C /* Frameworks */,
				2EB1CFF61C46BB7D00B4544C /* Resources */,
			);
			buildRules = (
			);
			dependencies = (
			);
			name = SoldoPieChart;
			productName = SoldoPieChart;
			productReference = 2EB1CFF81C46BB7D00B4544C /* SoldoPieChart.app */;
			productType = "com.apple.product-type.application";
		};
		2EB1D00B1C46BB7D00B4544C /* SoldoPieChartTests */ = {
			isa = PBXNativeTarget;
			buildConfigurationList = 2EB1D0181C46BB7D00B4544C /* Build configuration list for PBXNativeTarget "SoldoPieChartTests" */;
			buildPhases = (
				2EB1D0081C46BB7D00B4544C /* Sources */,
				2EB1D0091C46BB7D00B4544C /* Frameworks */,
				2EB1D00A1C46BB7D00B4544C /* Resources */,
			);
			buildRules = (
			);
			dependencies = (
				2EB1D00E1C46BB7D00B4544C /* PBXTargetDependency */,
			);
			name = SoldoPieChartTests;
			productName = SoldoPieChartTests;
			productReference = 2EB1D00C1C46BB7D00B4544C /* SoldoPieChartTests.xctest */;
			productType = "com.apple.product-type.bundle.unit-test";
		};
/* End PBXNativeTarget section */

/* Begin PBXProject section */
		2EB1CFF01C46BB7D00B4544C /* Project object */ = {
			isa = PBXProject;
			attributes = {
				LastSwiftUpdateCheck = 0720;
				LastUpgradeCheck = 0720;
				ORGANIZATIONNAME = "Maarten Schumacher";
				TargetAttributes = {
					2EB1CFF71C46BB7D00B4544C = {
						CreatedOnToolsVersion = 7.2;
						DevelopmentTeam = Q4E2SMXTT4;
					};
					2EB1D00B1C46BB7D00B4544C = {
						CreatedOnToolsVersion = 7.2;
						DevelopmentTeam = Q4E2SMXTT4;
						TestTargetID = 2EB1CFF71C46BB7D00B4544C;
					};
				};
			};
			buildConfigurationList = 2EB1CFF31C46BB7D00B4544C /* Build configuration list for PBXProject "SoldoPieChart" */;
			compatibilityVersion = "Xcode 3.2";
			developmentRegion = English;
			hasScannedForEncodings = 0;
			knownRegions = (
				en,
				Base,
			);
			mainGroup = 2EB1CFEF1C46BB7D00B4544C;
			productRefGroup = 2EB1CFF91C46BB7D00B4544C /* Products */;
			projectDirPath = "";
			projectRoot = "";
			targets = (
				2EB1CFF71C46BB7D00B4544C /* SoldoPieChart */,
				2EB1D00B1C46BB7D00B4544C /* SoldoPieChartTests */,
			);
		};
/* End PBXProject section */

/* Begin PBXResourcesBuildPhase section */
		2EB1CFF61C46BB7D00B4544C /* Resources */ = {
			isa = PBXResourcesBuildPhase;
			buildActionMask = 2147483647;
			files = (
				2EB1D0061C46BB7D00B4544C /* LaunchScreen.storyboard in Resources */,
				2EB1D0031C46BB7D00B4544C /* Assets.xcassets in Resources */,
				2EB1D0011C46BB7D00B4544C /* Main.storyboard in Resources */,
			);
			runOnlyForDeploymentPostprocessing = 0;
		};
		2EB1D00A1C46BB7D00B4544C /* Resources */ = {
			isa = PBXResourcesBuildPhase;
			buildActionMask = 2147483647;
			files = (
			);
			runOnlyForDeploymentPostprocessing = 0;
		};
/* End PBXResourcesBuildPhase section */

/* Begin PBXSourcesBuildPhase section */
		2EB1CFF41C46BB7D00B4544C /* Sources */ = {
			isa = PBXSourcesBuildPhase;
			buildActionMask = 2147483647;
			files = (
				2EB1D0241C46CDF100B4544C /* Expense.swift in Sources */,
				2EB1CFFE1C46BB7D00B4544C /* ViewController.swift in Sources */,
				2EB1D0201C46C6AC00B4544C /* ExpenseCell.swift in Sources */,
				2EB1D0281C46D7F100B4544C /* MockData.swift in Sources */,
				2EB1D02A1C47905900B4544C /* Zip3.swift in Sources */,
				2EB1D0261C46D67200B4544C /* Utility.swift in Sources */,
				2E88B4FD1C49440D00D49B06 /* CircleView.swift in Sources */,
				2EB1CFFC1C46BB7D00B4544C /* AppDelegate.swift in Sources */,
				2EB1D01C1C46BF7600B4544C /* PieView.swift in Sources */,
				2EB1D0221C46CD7700B4544C /* Constants.swift in Sources */,
			);
			runOnlyForDeploymentPostprocessing = 0;
		};
		2EB1D0081C46BB7D00B4544C /* Sources */ = {
			isa = PBXSourcesBuildPhase;
			buildActionMask = 2147483647;
			files = (
				2EB1D0111C46BB7D00B4544C /* SoldoPieChartTests.swift in Sources */,
			);
			runOnlyForDeploymentPostprocessing = 0;
		};
/* End PBXSourcesBuildPhase section */

/* Begin PBXTargetDependency section */
		2EB1D00E1C46BB7D00B4544C /* PBXTargetDependency */ = {
			isa = PBXTargetDependency;
			target = 2EB1CFF71C46BB7D00B4544C /* SoldoPieChart */;
			targetProxy = 2EB1D00D1C46BB7D00B4544C /* PBXContainerItemProxy */;
		};
/* End PBXTargetDependency section */

/* Begin PBXVariantGroup section */
		2EB1CFFF1C46BB7D00B4544C /* Main.storyboard */ = {
			isa = PBXVariantGroup;
			children = (
				2EB1D0001C46BB7D00B4544C /* Base */,
			);
			name = Main.storyboard;
			sourceTree = "<group>";
		};
		2EB1D0041C46BB7D00B4544C /* LaunchScreen.storyboard */ = {
			isa = PBXVariantGroup;
			children = (
				2EB1D0051C46BB7D00B4544C /* Base */,
			);
			name = LaunchScreen.storyboard;
			sourceTree = "<group>";
		};
/* End PBXVariantGroup section */

/* Begin XCBuildConfiguration section */
		2EB1D0131C46BB7D00B4544C /* Debug */ = {
			isa = XCBuildConfiguration;
			buildSettings = {
				ALWAYS_SEARCH_USER_PATHS = NO;
				CLANG_CXX_LANGUAGE_STANDARD = "gnu++0x";
				CLANG_CXX_LIBRARY = "libc++";
				CLANG_ENABLE_MODULES = YES;
				CLANG_ENABLE_OBJC_ARC = YES;
				CLANG_WARN_BOOL_CONVERSION = YES;
				CLANG_WARN_CONSTANT_CONVERSION = YES;
				CLANG_WARN_DIRECT_OBJC_ISA_USAGE = YES_ERROR;
				CLANG_WARN_EMPTY_BODY = YES;
				CLANG_WARN_ENUM_CONVERSION = YES;
				CLANG_WARN_INT_CONVERSION = YES;
				CLANG_WARN_OBJC_ROOT_CLASS = YES_ERROR;
				CLANG_WARN_UNREACHABLE_CODE = YES;
				CLANG_WARN__DUPLICATE_METHOD_MATCH = YES;
				"CODE_SIGN_IDENTITY[sdk=iphoneos*]" = "iPhone Developer";
				COPY_PHASE_STRIP = NO;
				DEBUG_INFORMATION_FORMAT = dwarf;
				ENABLE_STRICT_OBJC_MSGSEND = YES;
				ENABLE_TESTABILITY = YES;
				GCC_C_LANGUAGE_STANDARD = gnu99;
				GCC_DYNAMIC_NO_PIC = NO;
				GCC_NO_COMMON_BLOCKS = YES;
				GCC_OPTIMIZATION_LEVEL = 0;
				GCC_PREPROCESSOR_DEFINITIONS = (
					"DEBUG=1",
					"$(inherited)",
				);
				GCC_WARN_64_TO_32_BIT_CONVERSION = YES;
				GCC_WARN_ABOUT_RETURN_TYPE = YES_ERROR;
				GCC_WARN_UNDECLARED_SELECTOR = YES;
				GCC_WARN_UNINITIALIZED_AUTOS = YES_AGGRESSIVE;
				GCC_WARN_UNUSED_FUNCTION = YES;
				GCC_WARN_UNUSED_VARIABLE = YES;
				IPHONEOS_DEPLOYMENT_TARGET = 9.2;
				MTL_ENABLE_DEBUG_INFO = YES;
				ONLY_ACTIVE_ARCH = YES;
				SDKROOT = iphoneos;
				SWIFT_OPTIMIZATION_LEVEL = "-Onone";
			};
			name = Debug;
		};
		2EB1D0141C46BB7D00B4544C /* Release */ = {
			isa = XCBuildConfiguration;
			buildSettings = {
				ALWAYS_SEARCH_USER_PATHS = NO;
				CLANG_CXX_LANGUAGE_STANDARD = "gnu++0x";
				CLANG_CXX_LIBRARY = "libc++";
				CLANG_ENABLE_MODULES = YES;
				CLANG_ENABLE_OBJC_ARC = YES;
				CLANG_WARN_BOOL_CONVERSION = YES;
				CLANG_WARN_CONSTANT_CONVERSION = YES;
				CLANG_WARN_DIRECT_OBJC_ISA_USAGE = YES_ERROR;
				CLANG_WARN_EMPTY_BODY = YES;
				CLANG_WARN_ENUM_CONVERSION = YES;
				CLANG_WARN_INT_CONVERSION = YES;
				CLANG_WARN_OBJC_ROOT_CLASS = YES_ERROR;
				CLANG_WARN_UNREACHABLE_CODE = YES;
				CLANG_WARN__DUPLICATE_METHOD_MATCH = YES;
				"CODE_SIGN_IDENTITY[sdk=iphoneos*]" = "iPhone Developer";
				COPY_PHASE_STRIP = NO;
				DEBUG_INFORMATION_FORMAT = "dwarf-with-dsym";
				ENABLE_NS_ASSERTIONS = NO;
				ENABLE_STRICT_OBJC_MSGSEND = YES;
				GCC_C_LANGUAGE_STANDARD = gnu99;
				GCC_NO_COMMON_BLOCKS = YES;
				GCC_WARN_64_TO_32_BIT_CONVERSION = YES;
				GCC_WARN_ABOUT_RETURN_TYPE = YES_ERROR;
				GCC_WARN_UNDECLARED_SELECTOR = YES;
				GCC_WARN_UNINITIALIZED_AUTOS = YES_AGGRESSIVE;
				GCC_WARN_UNUSED_FUNCTION = YES;
				GCC_WARN_UNUSED_VARIABLE = YES;
				IPHONEOS_DEPLOYMENT_TARGET = 9.2;
				MTL_ENABLE_DEBUG_INFO = NO;
				SDKROOT = iphoneos;
				VALIDATE_PRODUCT = YES;
			};
			name = Release;
		};
		2EB1D0161C46BB7D00B4544C /* Debug */ = {
			isa = XCBuildConfiguration;
			buildSettings = {
				ASSETCATALOG_COMPILER_APPICON_NAME = AppIcon;
				INFOPLIST_FILE = SoldoPieChart/Info.plist;
				LD_RUNPATH_SEARCH_PATHS = "$(inherited) @executable_path/Frameworks";
				PRODUCT_BUNDLE_IDENTIFIER = MS.SoldoPieChart;
				PRODUCT_NAME = "$(TARGET_NAME)";
			};
			name = Debug;
		};
		2EB1D0171C46BB7D00B4544C /* Release */ = {
			isa = XCBuildConfiguration;
			buildSettings = {
				ASSETCATALOG_COMPILER_APPICON_NAME = AppIcon;
				INFOPLIST_FILE = SoldoPieChart/Info.plist;
				LD_RUNPATH_SEARCH_PATHS = "$(inherited) @executable_path/Frameworks";
				PRODUCT_BUNDLE_IDENTIFIER = MS.SoldoPieChart;
				PRODUCT_NAME = "$(TARGET_NAME)";
			};
			name = Release;
		};
		2EB1D0191C46BB7D00B4544C /* Debug */ = {
			isa = XCBuildConfiguration;
			buildSettings = {
				BUNDLE_LOADER = "$(TEST_HOST)";
				INFOPLIST_FILE = SoldoPieChartTests/Info.plist;
				LD_RUNPATH_SEARCH_PATHS = "$(inherited) @executable_path/Frameworks @loader_path/Frameworks";
				PRODUCT_BUNDLE_IDENTIFIER = MS.SoldoPieChartTests;
				PRODUCT_NAME = "$(TARGET_NAME)";
				TEST_HOST = "$(BUILT_PRODUCTS_DIR)/SoldoPieChart.app/SoldoPieChart";
			};
			name = Debug;
		};
		2EB1D01A1C46BB7D00B4544C /* Release */ = {
			isa = XCBuildConfiguration;
			buildSettings = {
				BUNDLE_LOADER = "$(TEST_HOST)";
				INFOPLIST_FILE = SoldoPieChartTests/Info.plist;
				LD_RUNPATH_SEARCH_PATHS = "$(inherited) @executable_path/Frameworks @loader_path/Frameworks";
				PRODUCT_BUNDLE_IDENTIFIER = MS.SoldoPieChartTests;
				PRODUCT_NAME = "$(TARGET_NAME)";
				TEST_HOST = "$(BUILT_PRODUCTS_DIR)/SoldoPieChart.app/SoldoPieChart";
			};
			name = Release;
		};
/* End XCBuildConfiguration section */

/* Begin XCConfigurationList section */
		2EB1CFF31C46BB7D00B4544C /* Build configuration list for PBXProject "SoldoPieChart" */ = {
			isa = XCConfigurationList;
			buildConfigurations = (
				2EB1D0131C46BB7D00B4544C /* Debug */,
				2EB1D0141C46BB7D00B4544C /* Release */,
			);
			defaultConfigurationIsVisible = 0;
			defaultConfigurationName = Release;
		};
		2EB1D0151C46BB7D00B4544C /* Build configuration list for PBXNativeTarget "SoldoPieChart" */ = {
			isa = XCConfigurationList;
			buildConfigurations = (
				2EB1D0161C46BB7D00B4544C /* Debug */,
				2EB1D0171C46BB7D00B4544C /* Release */,
			);
			defaultConfigurationIsVisible = 0;
			defaultConfigurationName = Release;
		};
		2EB1D0181C46BB7D00B4544C /* Build configuration list for PBXNativeTarget "SoldoPieChartTests" */ = {
			isa = XCConfigurationList;
			buildConfigurations = (
				2EB1D0191C46BB7D00B4544C /* Debug */,
				2EB1D01A1C46BB7D00B4544C /* Release */,
			);
			defaultConfigurationIsVisible = 0;
			defaultConfigurationName = Release;
		};
/* End XCConfigurationList section */
	};
	rootObject = 2EB1CFF01C46BB7D00B4544C /* Project object */;
}
